
Microsoft Visual Studio Solution File, Format Version 12.00
Project("{FAE04EC0-301F-11D3-BF4B-00C04F79EFBC}") = "BusTracking.Application", "BusTracking.Application\BusTracking.Application.csproj", "{3D37237A-0611-44F1-9145-DD9607AADF96}"
EndProject
Project("{FAE04EC0-301F-11D3-BF4B-00C04F79EFBC}") = "BusTracking.API", "BusTracking.API\BusTracking.API.csproj", "{8C3A0966-86BA-4961-B816-36E1636E3A2D}"
EndProject
Project("{FAE04EC0-301F-11D3-BF4B-00C04F79EFBC}") = "BusTracking.Domain", "BusTracking.Domain\BusTracking.Domain.csproj", "{09226BEF-D999-4B18-A103-2BAD353369ED}"
EndProject
Project("{FAE04EC0-301F-11D3-BF4B-00C04F79EFBC}") = "BusTracking.Infrastructure", "BusTracking.Infrastructure\BusTracking.Infrastructure.csproj", "{81CD8C23-D564-4AA9-BF45-5E25666BEA68}"
EndProject
Global
	GlobalSection(SolutionConfigurationPlatforms) = preSolution
		Debug|Any CPU = Debug|Any CPU
		Release|Any CPU = Release|Any CPU
	EndGlobalSection
	GlobalSection(ProjectConfigurationPlatforms) = postSolution
		{3D37237A-0611-44F1-9145-DD9607AADF96}.Debug|Any CPU.ActiveCfg = Debug|Any CPU
		{3D37237A-0611-44F1-9145-DD9607AADF96}.Debug|Any CPU.Build.0 = Debug|Any CPU
		{3D37237A-0611-44F1-9145-DD9607AADF96}.Release|Any CPU.ActiveCfg = Release|Any CPU
		{3D37237A-0611-44F1-9145-DD9607AADF96}.Release|Any CPU.Build.0 = Release|Any CPU
		{8C3A0966-86BA-4961-B816-36E1636E3A2D}.Debug|Any CPU.ActiveCfg = Debug|Any CPU
		{8C3A0966-86BA-4961-B816-36E1636E3A2D}.Debug|Any CPU.Build.0 = Debug|Any CPU
		{8C3A0966-86BA-4961-B816-36E1636E3A2D}.Release|Any CPU.ActiveCfg = Release|Any CPU
		{8C3A0966-86BA-4961-B816-36E1636E3A2D}.Release|Any CPU.Build.0 = Release|Any CPU
		{09226BEF-D999-4B18-A103-2BAD353369ED}.Debug|Any CPU.ActiveCfg = Debug|Any CPU
		{09226BEF-D999-4B18-A103-2BAD353369ED}.Debug|Any CPU.Build.0 = Debug|Any CPU
		{09226BEF-D999-4B18-A103-2BAD353369ED}.Release|Any CPU.ActiveCfg = Release|Any CPU
		{09226BEF-D999-4B18-A103-2BAD353369ED}.Release|Any CPU.Build.0 = Release|Any CPU
		{81CD8C23-D564-4AA9-BF45-5E25666BEA68}.Debug|Any CPU.ActiveCfg = Debug|Any CPU
		{81CD8C23-D564-4AA9-BF45-5E25666BEA68}.Debug|Any CPU.Build.0 = Debug|Any CPU
		{81CD8C23-D564-4AA9-BF45-5E25666BEA68}.Release|Any CPU.ActiveCfg = Release|Any CPU
		{81CD8C23-D564-4AA9-BF45-5E25666BEA68}.Release|Any CPU.Build.0 = Release|Any CPU
	EndGlobalSection
EndGlobal
